
Microsoft Visual Studio Solution File, Format Version 12.00
# Visual Studio 15
VisualStudioVersion = 15.0.26009.0
MinimumVisualStudioVersion = 10.0.40219.1
Project("{FAE04EC0-301F-11D3-BF4B-00C04F79EFBC}") = "ConditionalValidator.Tests", "ConditionalValidator.Tests\ConditionalValidator.Tests.csproj", "{F9739B1E-CC09-48CC-9CE4-3076763E939F}"
EndProject
Project("{FAE04EC0-301F-11D3-BF4B-00C04F79EFBC}") = "ConditionalValidator", "ConditionalValidator\ConditionalValidator.csproj", "{D472C291-EE3B-4047-ABD3-999CF8FFA91F}"
EndProject
Global
	GlobalSection(SolutionConfigurationPlatforms) = preSolution
		Debug|Any CPU = Debug|Any CPU
		Release|Any CPU = Release|Any CPU
	EndGlobalSection
	GlobalSection(ProjectConfigurationPlatforms) = postSolution
		{F9739B1E-CC09-48CC-9CE4-3076763E939F}.Debug|Any CPU.ActiveCfg = Debug|Any CPU
		{F9739B1E-CC09-48CC-9CE4-3076763E939F}.Debug|Any CPU.Build.0 = Debug|Any CPU
		{F9739B1E-CC09-48CC-9CE4-3076763E939F}.Release|Any CPU.ActiveCfg = Release|Any CPU
		{F9739B1E-CC09-48CC-9CE4-3076763E939F}.Release|Any CPU.Build.0 = Release|Any CPU
		{D472C291-EE3B-4047-ABD3-999CF8FFA91F}.Debug|Any CPU.ActiveCfg = Debug|Any CPU
		{D472C291-EE3B-4047-ABD3-999CF8FFA91F}.Debug|Any CPU.Build.0 = Debug|Any CPU
		{D472C291-EE3B-4047-ABD3-999CF8FFA91F}.Release|Any CPU.ActiveCfg = Release|Any CPU
		{D472C291-EE3B-4047-ABD3-999CF8FFA91F}.Release|Any CPU.Build.0 = Release|Any CPU
	EndGlobalSection
	GlobalSection(SolutionProperties) = preSolution
		HideSolutionNode = FALSE
	EndGlobalSection
EndGlobal
